Microsoft Visual Studio Solution File, Format Version 12.00
# Visual Studio Version 17
VisualStudioVersion = 17.13.35919.96
MinimumVisualStudioVersion = 10.0.40219.1
Project("{FAE04EC0-301F-11D3-BF4B-00C04F79EFBC}") = "LeafByte.Parking.API", "src\LeafByte.Parking.API\LeafByte.Parking.API.csproj", "{A754214A-6109-422C-837A-630E032616CA}"
EndProject
Project("{2150E333-8FDC-42A3-9474-1A3956D46DE8}") = "src", "src", "{02EA681E-C7D8-13C7-8484-4AC65E1B71E8}"
EndProject
Project("{FAE04EC0-301F-11D3-BF4B-00C04F79EFBC}") = "LeafByte.Parking.CrossCutting", "src\LeafByte.Parking.CrossCutting\LeafByte.Parking.CrossCutting.csproj", "{CE08C328-BF8C-2922-F512-A81898B68A8F}"
EndProject
Project("{2150E333-8FDC-42A3-9474-1A3956D46DE8}") = "Solution Items", "Solution Items", "{8EC462FD-D22E-90A8-E5CE-7E832BA40C5D}"
	ProjectSection(SolutionItems) = preProject
		k8s\deployment.yml = k8s\deployment.yml
		k8s\mysql.yml = k8s\mysql.yml
		docs\README.md = docs\README.md
		k8s\service.yml = k8s\service.yml
	EndProjectSection
EndProject
Global
	GlobalSection(SolutionConfigurationPlatforms) = preSolution
		Debug|Any CPU = Debug|Any CPU
		Release|Any CPU = Release|Any CPU
	EndGlobalSection
	GlobalSection(ProjectConfigurationPlatforms) = postSolution
		{A754214A-6109-422C-837A-630E032616CA}.Debug|Any CPU.ActiveCfg = Debug|Any CPU
		{A754214A-6109-422C-837A-630E032616CA}.Debug|Any CPU.Build.0 = Debug|Any CPU
		{A754214A-6109-422C-837A-630E032616CA}.Release|Any CPU.ActiveCfg = Release|Any CPU
		{A754214A-6109-422C-837A-630E032616CA}.Release|Any CPU.Build.0 = Release|Any CPU
		{CE08C328-BF8C-2922-F512-A81898B68A8F}.Debug|Any CPU.ActiveCfg = Debug|Any CPU
		{CE08C328-BF8C-2922-F512-A81898B68A8F}.Debug|Any CPU.Build.0 = Debug|Any CPU
		{CE08C328-BF8C-2922-F512-A81898B68A8F}.Release|Any CPU.ActiveCfg = Release|Any CPU
		{CE08C328-BF8C-2922-F512-A81898B68A8F}.Release|Any CPU.Build.0 = Release|Any CPU
	EndGlobalSection
	GlobalSection(SolutionProperties) = preSolution
		HideSolutionNode = FALSE
	EndGlobalSection
	GlobalSection(NestedProjects) = preSolution
		{A754214A-6109-422C-837A-630E032616CA} = {02EA681E-C7D8-13C7-8484-4AC65E1B71E8}
		{CE08C328-BF8C-2922-F512-A81898B68A8F} = {02EA681E-C7D8-13C7-8484-4AC65E1B71E8}
	EndGlobalSection
	GlobalSection(ExtensibilityGlobals) = postSolution
		SolutionGuid = {47600B83-E994-4CF6-9AEF-23EA3BB6C72F}
	EndGlobalSection
EndGlobal
